// !$*UTF8*$!
{
	archiveVersion = 1;
	classes = {
	};
	objectVersion = 46;
	objects = {

/* Begin PBXBuildFile section */
		002F39FA09D0881F00EBEB88 /* SDL.framework in Frameworks */ = {isa = PBXBuildFile; fileRef = 002F39F909D0881F00EBEB88 /* SDL.framework */; };
		002F3A0009D0884600EBEB88 /* SDL.framework in Copy Frameworks into .app bundle */ = {isa = PBXBuildFile; fileRef = 002F39F909D0881F00EBEB88 /* SDL.framework */; };
		002F3A2E09D0888800EBEB88 /* SDLMain.m in Sources */ = {isa = PBXBuildFile; fileRef = 002F3A2C09D0888800EBEB88 /* SDLMain.m */; };
		002F3A3F09D088BA00EBEB88 /* main.cpp in Sources */ = {isa = PBXBuildFile; fileRef = 002F3A3E09D088BA00EBEB88 /* main.cpp */; };
		002F3C0109D093BD00EBEB88 /* OpenGL.framework in Frameworks */ = {isa = PBXBuildFile; fileRef = 002F3C0009D093BD00EBEB88 /* OpenGL.framework */; };
		002F3C6109D0951E00EBEB88 /* GLUT.framework in Frameworks */ = {isa = PBXBuildFile; fileRef = 002F3C6009D0951E00EBEB88 /* GLUT.framework */; };
		68DF6A40140FAFF30060144C /* hello_ogre.cpp in Sources */ = {isa = PBXBuildFile; fileRef = 68DF6A3C140FAFF30060144C /* hello_ogre.cpp */; };
		68DF6A41140FAFF30060144C /* parametric.cpp in Sources */ = {isa = PBXBuildFile; fileRef = 68DF6A3D140FAFF30060144C /* parametric.cpp */; };
		68DF6A42140FAFF30060144C /* solar_system.cpp in Sources */ = {isa = PBXBuildFile; fileRef = 68DF6A3F140FAFF30060144C /* solar_system.cpp */; };
		6E8DC4AB15F4E626001291EB /* SDL_image.framework in Frameworks */ = {isa = PBXBuildFile; fileRef = 6E8DC4AA15F4E626001291EB /* SDL_image.framework */; };
		8D11072B0486CEB800E47090 /* InfoPlist.strings in Resources */ = {isa = PBXBuildFile; fileRef = 089C165CFE840E0CC02AAC07 /* InfoPlist.strings */; };
		8D11072F0486CEB800E47090 /* Cocoa.framework in Frameworks */ = {isa = PBXBuildFile; fileRef = 1058C7A1FEA54F0111CA2CBB /* Cocoa.framework */; };
		F74B024A12902CD00086C478 /* AABox.cpp in Sources */ = {isa = PBXBuildFile; fileRef = F74B01CE12902CD00086C478 /* AABox.cpp */; };
		F74B024C12902CD00086C478 /* AuxData.cpp in Sources */ = {isa = PBXBuildFile; fileRef = F74B01D212902CD00086C478 /* AuxData.cpp */; };
		F74B024F12902CD00086C478 /* BmpWriter.cpp in Sources */ = {isa = PBXBuildFile; fileRef = F74B01D612902CD00086C478 /* BmpWriter.cpp */; };
		F74B025012902CD00086C478 /* Camera.cpp in Sources */ = {isa = PBXBuildFile; fileRef = F74B01D812902CD00086C478 /* Camera.cpp */; };
		F74B025112902CD00086C478 /* Command.cpp in Sources */ = {isa = PBXBuildFile; fileRef = F74B01DA12902CD00086C478 /* Command.cpp */; };
		F74B025212902CD00086C478 /* Console.cpp in Sources */ = {isa = PBXBuildFile; fileRef = F74B01DC12902CD00086C478 /* Console.cpp */; };
		F74B025312902CD00086C478 /* CubeMap.cpp in Sources */ = {isa = PBXBuildFile; fileRef = F74B01DE12902CD00086C478 /* CubeMap.cpp */; };
		F74B025612902CD00086C478 /* DefaultObjects.cpp in Sources */ = {isa = PBXBuildFile; fileRef = F74B01E412902CD00086C478 /* DefaultObjects.cpp */; };
		F74B026012902CD00086C478 /* FloatHash.cpp in Sources */ = {isa = PBXBuildFile; fileRef = F74B01F012902CD00086C478 /* FloatHash.cpp */; };
		F74B026112902CD00086C478 /* Geometry.cpp in Sources */ = {isa = PBXBuildFile; fileRef = F74B01F212902CD00086C478 /* Geometry.cpp */; };
		F74B026212902CD00086C478 /* GLee.cpp in Sources */ = {isa = PBXBuildFile; fileRef = F74B01F412902CD00086C478 /* GLee.cpp */; };
		F74B026312902CD00086C478 /* Group.cpp in Sources */ = {isa = PBXBuildFile; fileRef = F74B01F612902CD00086C478 /* Group.cpp */; };
		F74B026412902CD00086C478 /* Interpolation.cpp in Sources */ = {isa = PBXBuildFile; fileRef = F74B01F812902CD00086C478 /* Interpolation.cpp */; };
		F74B026512902CD00086C478 /* Light.cpp in Sources */ = {isa = PBXBuildFile; fileRef = F74B01FB12902CD00086C478 /* Light.cpp */; };
		F74B026612902CD00086C478 /* Memory.cpp in Sources */ = {isa = PBXBuildFile; fileRef = F74B01FD12902CD00086C478 /* Memory.cpp */; };
		F74B026712902CD00086C478 /* Misc.cpp in Sources */ = {isa = PBXBuildFile; fileRef = F74B01FF12902CD00086C478 /* Misc.cpp */; };
		F74B026812902CD00086C478 /* Node.cpp in Sources */ = {isa = PBXBuildFile; fileRef = F74B020112902CD00086C478 /* Node.cpp */; };
		F74B026912902CD00086C478 /* NodeList.cpp in Sources */ = {isa = PBXBuildFile; fileRef = F74B020312902CD00086C478 /* NodeList.cpp */; };
		F74B026A12902CD00086C478 /* ObjParser.cpp in Sources */ = {isa = PBXBuildFile; fileRef = F74B020512902CD00086C478 /* ObjParser.cpp */; };
		F74B026B12902CD00086C478 /* ParametricShapes.cpp in Sources */ = {isa = PBXBuildFile; fileRef = F74B020712902CD00086C478 /* ParametricShapes.cpp */; };
		F74B026C12902CD00086C478 /* Plane.cpp in Sources */ = {isa = PBXBuildFile; fileRef = F74B020912902CD00086C478 /* Plane.cpp */; };
		F74B027012902CD00086C478 /* PwnParser.cpp in Sources */ = {isa = PBXBuildFile; fileRef = F74B021112902CD00086C478 /* PwnParser.cpp */; };
		F74B027212902CD00086C478 /* RenderChimp.cpp in Sources */ = {isa = PBXBuildFile; fileRef = F74B021712902CD00086C478 /* RenderChimp.cpp */; };
		F74B027312902CD00086C478 /* Renderer.cpp in Sources */ = {isa = PBXBuildFile; fileRef = F74B021912902CD00086C478 /* Renderer.cpp */; };
		F74B027512902CD00086C478 /* RendererGL.cpp in Sources */ = {isa = PBXBuildFile; fileRef = F74B021D12902CD00086C478 /* RendererGL.cpp */; };
		F74B027612902CD00086C478 /* RenderState.cpp in Sources */ = {isa = PBXBuildFile; fileRef = F74B021F12902CD00086C478 /* RenderState.cpp */; };
		F74B027712902CD00086C478 /* RenderTarget.cpp in Sources */ = {isa = PBXBuildFile; fileRef = F74B022112902CD00086C478 /* RenderTarget.cpp */; };
		F74B027812902CD00086C478 /* Resource.cpp in Sources */ = {isa = PBXBuildFile; fileRef = F74B022412902CD00086C478 /* Resource.cpp */; };
		F74B027912902CD00086C478 /* ResourceList.cpp in Sources */ = {isa = PBXBuildFile; fileRef = F74B022612902CD00086C478 /* ResourceList.cpp */; };
		F74B027A12902CD00086C478 /* Result.cpp in Sources */ = {isa = PBXBuildFile; fileRef = F74B022812902CD00086C478 /* Result.cpp */; };
		F74B027B12902CD00086C478 /* SceneGraph.cpp in Sources */ = {isa = PBXBuildFile; fileRef = F74B022A12902CD00086C478 /* SceneGraph.cpp */; };
		F74B027C12902CD00086C478 /* SceneParser.cpp in Sources */ = {isa = PBXBuildFile; fileRef = F74B022D12902CD00086C478 /* SceneParser.cpp */; };
		F74B027E12902CD00086C478 /* ShaderProgram.cpp in Sources */ = {isa = PBXBuildFile; fileRef = F74B023112902CD00086C478 /* ShaderProgram.cpp */; };
		F74B028312902CD00086C478 /* Sphere.cpp in Sources */ = {isa = PBXBuildFile; fileRef = F74B023712902CD00086C478 /* Sphere.cpp */; };
		F74B028412902CD00086C478 /* Text.cpp in Sources */ = {isa = PBXBuildFile; fileRef = F74B023912902CD00086C478 /* Text.cpp */; };
		F74B028512902CD00086C478 /* Texture.cpp in Sources */ = {isa = PBXBuildFile; fileRef = F74B023B12902CD00086C478 /* Texture.cpp */; };
		F74B028612902CD00086C478 /* Transformable.cpp in Sources */ = {isa = PBXBuildFile; fileRef = F74B023D12902CD00086C478 /* Transformable.cpp */; };
		F74B028712902CD00086C478 /* Uniform.cpp in Sources */ = {isa = PBXBuildFile; fileRef = F74B024012902CD00086C478 /* Uniform.cpp */; };
		F74B028812902CD00086C478 /* VectorMath.cpp in Sources */ = {isa = PBXBuildFile; fileRef = F74B024212902CD00086C478 /* VectorMath.cpp */; };
		F74B028912902CD00086C478 /* VertexArray.cpp in Sources */ = {isa = PBXBuildFile; fileRef = F74B024412902CD00086C478 /* VertexArray.cpp */; };
		F74B028B12902CD00086C478 /* World.cpp in Sources */ = {isa = PBXBuildFile; fileRef = F74B024812902CD00086C478 /* World.cpp */; };
		F74B031412903FCD0086C478 /* PlatformOSX.cpp in Sources */ = {isa = PBXBuildFile; fileRef = F74B031312903FCD0086C478 /* PlatformOSX.cpp */; };
/* End PBXBuildFile section */

/* Begin PBXCopyFilesBuildPhase section */
		002F39FD09D0883400EBEB88 /* Copy Frameworks into .app bundle */ = {
			isa = PBXCopyFilesBuildPhase;
			buildActionMask = 2147483647;
			dstPath = "";
			dstSubfolderSpec = 10;
			files = (
				002F3A0009D0884600EBEB88 /* SDL.framework in Copy Frameworks into .app bundle */,
			);
			name = "Copy Frameworks into .app bundle";
			runOnlyForDeploymentPostprocessing = 0;
		};
/* End PBXCopyFilesBuildPhase section */

/* Begin PBXFileReference section */
		002F39F909D0881F00EBEB88 /* SDL.framework */ = {isa = PBXFileReference; lastKnownFileType = wrapper.framework; name = SDL.framework; path = /Library/Frameworks/SDL.framework; sourceTree = "<absolute>"; };
		002F3A2B09D0888800EBEB88 /* SDLMain.h */ = {isa = PBXFileReference; fileEncoding = 30; lastKnownFileType = sourcecode.c.h; path = SDLMain.h; sourceTree = "<group>"; };
		002F3A2C09D0888800EBEB88 /* SDLMain.m */ = {isa = PBXFileReference; fileEncoding = 30; lastKnownFileType = sourcecode.c.objc; path = SDLMain.m; sourceTree = "<group>"; };
		002F3A3E09D088BA00EBEB88 /* main.cpp */ = {isa = PBXFileReference; fileEncoding = 30; lastKnownFileType = sourcecode.cpp.cpp; path = main.cpp; sourceTree = "<group>"; };
		002F3C0009D093BD00EBEB88 /* OpenGL.framework */ = {isa = PBXFileReference; lastKnownFileType = wrapper.framework; name = OpenGL.framework; path = /System/Library/Frameworks/OpenGL.framework; sourceTree = "<absolute>"; };
		002F3C6009D0951E00EBEB88 /* GLUT.framework */ = {isa = PBXFileReference; lastKnownFileType = wrapper.framework; name = GLUT.framework; path = ../../../../../../../../../../System/Library/Frameworks/GLUT.framework; sourceTree = SOURCE_ROOT; };
		089C165DFE840E0CC02AAC07 /* English */ = {isa = PBXFileReference; fileEncoding = 10; lastKnownFileType = text.plist.strings; name = English; path = English.lproj/InfoPlist.strings; sourceTree = "<group>"; };
		1058C7A1FEA54F0111CA2CBB /* Cocoa.framework */ = {isa = PBXFileReference; lastKnownFileType = wrapper.framework; name = Cocoa.framework; path = /System/Library/Frameworks/Cocoa.framework; sourceTree = "<absolute>"; };
		29B97324FDCFA39411CA2CEA /* AppKit.framework */ = {isa = PBXFileReference; lastKnownFileType = wrapper.framework; name = AppKit.framework; path = /System/Library/Frameworks/AppKit.framework; sourceTree = "<absolute>"; };
		29B97325FDCFA39411CA2CEA /* Foundation.framework */ = {isa = PBXFileReference; lastKnownFileType = wrapper.framework; name = Foundation.framework; path = /System/Library/Frameworks/Foundation.framework; sourceTree = "<absolute>"; };
		32CA4F630368D1EE00C91783 /* RenderChimpOSX_Prefix.pch */ = {isa = PBXFileReference; fileEncoding = 4; lastKnownFileType = sourcecode.c.h; path = RenderChimpOSX_Prefix.pch; sourceTree = "<group>"; };
		68DF6A37140FAF850060144C /* RenderChimpOSX.app */ = {isa = PBXFileReference; explicitFileType = wrapper.application; includeInIndex = 0; path = RenderChimpOSX.app; sourceTree = BUILT_PRODUCTS_DIR; };
		68DF6A3C140FAFF30060144C /* hello_ogre.cpp */ = {isa = PBXFileReference; fileEncoding = 4; lastKnownFileType = sourcecode.cpp.cpp; name = hello_ogre.cpp; path = ../src/hello_ogre.cpp; sourceTree = SOURCE_ROOT; };
		68DF6A3D140FAFF30060144C /* parametric.cpp */ = {isa = PBXFileReference; fileEncoding = 4; lastKnownFileType = sourcecode.cpp.cpp; name = parametric.cpp; path = ../src/parametric.cpp; sourceTree = SOURCE_ROOT; };
		68DF6A3E140FAFF30060144C /* program.h */ = {isa = PBXFileReference; fileEncoding = 4; lastKnownFileType = sourcecode.c.h; name = program.h; path = ../src/program.h; sourceTree = SOURCE_ROOT; };
		68DF6A3F140FAFF30060144C /* solar_system.cpp */ = {isa = PBXFileReference; fileEncoding = 4; lastKnownFileType = sourcecode.cpp.cpp; name = solar_system.cpp; path = ../src/solar_system.cpp; sourceTree = SOURCE_ROOT; };
		6E8DC4AA15F4E626001291EB /* SDL_image.framework */ = {isa = PBXFileReference; lastKnownFileType = wrapper.framework; name = SDL_image.framework; path = ../../../../../Library/Frameworks/SDL_image.framework; sourceTree = "<group>"; };
		8D1107310486CEB800E47090 /* Info.plist */ = {isa = PBXFileReference; fileEncoding = 4; lastKnownFileType = text.plist; path = Info.plist; sourceTree = "<group>"; };
		F74B01CE12902CD00086C478 /* AABox.cpp */ = {isa = PBXFileReference; fileEncoding = 4; lastKnownFileType = sourcecode.cpp.cpp; name = AABox.cpp; path = ../src/AABox.cpp; sourceTree = SOURCE_ROOT; };
		F74B01CF12902CD00086C478 /* AABox.h */ = {isa = PBXFileReference; fileEncoding = 4; lastKnownFileType = sourcecode.c.h; name = AABox.h; path = ../src/AABox.h; sourceTree = SOURCE_ROOT; };
		F74B01D212902CD00086C478 /* AuxData.cpp */ = {isa = PBXFileReference; fileEncoding = 4; lastKnownFileType = sourcecode.cpp.cpp; name = AuxData.cpp; path = ../src/AuxData.cpp; sourceTree = SOURCE_ROOT; };
		F74B01D312902CD00086C478 /* AuxData.h */ = {isa = PBXFileReference; fileEncoding = 4; lastKnownFileType = sourcecode.c.h; name = AuxData.h; path = ../src/AuxData.h; sourceTree = SOURCE_ROOT; };
		F74B01D612902CD00086C478 /* BmpWriter.cpp */ = {isa = PBXFileReference; fileEncoding = 4; lastKnownFileType = sourcecode.cpp.cpp; name = BmpWriter.cpp; path = ../src/BmpWriter.cpp; sourceTree = SOURCE_ROOT; };
		F74B01D712902CD00086C478 /* BmpWriter.h */ = {isa = PBXFileReference; fileEncoding = 4; lastKnownFileType = sourcecode.c.h; name = BmpWriter.h; path = ../src/BmpWriter.h; sourceTree = SOURCE_ROOT; };
		F74B01D812902CD00086C478 /* Camera.cpp */ = {isa = PBXFileReference; fileEncoding = 4; lastKnownFileType = sourcecode.cpp.cpp; name = Camera.cpp; path = ../src/Camera.cpp; sourceTree = SOURCE_ROOT; };
		F74B01D912902CD00086C478 /* Camera.h */ = {isa = PBXFileReference; fileEncoding = 4; lastKnownFileType = sourcecode.c.h; name = Camera.h; path = ../src/Camera.h; sourceTree = SOURCE_ROOT; };
		F74B01DA12902CD00086C478 /* Command.cpp */ = {isa = PBXFileReference; fileEncoding = 4; lastKnownFileType = sourcecode.cpp.cpp; name = Command.cpp; path = ../src/Command.cpp; sourceTree = SOURCE_ROOT; };
		F74B01DB12902CD00086C478 /* Command.h */ = {isa = PBXFileReference; fileEncoding = 4; lastKnownFileType = sourcecode.c.h; name = Command.h; path = ../src/Command.h; sourceTree = SOURCE_ROOT; };
		F74B01DC12902CD00086C478 /* Console.cpp */ = {isa = PBXFileReference; fileEncoding = 4; lastKnownFileType = sourcecode.cpp.cpp; name = Console.cpp; path = ../src/Console.cpp; sourceTree = SOURCE_ROOT; };
		F74B01DD12902CD00086C478 /* Console.h */ = {isa = PBXFileReference; fileEncoding = 4; lastKnownFileType = sourcecode.c.h; name = Console.h; path = ../src/Console.h; sourceTree = SOURCE_ROOT; };
		F74B01DE12902CD00086C478 /* CubeMap.cpp */ = {isa = PBXFileReference; fileEncoding = 4; lastKnownFileType = sourcecode.cpp.cpp; name = CubeMap.cpp; path = ../src/CubeMap.cpp; sourceTree = SOURCE_ROOT; };
		F74B01DF12902CD00086C478 /* CubeMap.h */ = {isa = PBXFileReference; fileEncoding = 4; lastKnownFileType = sourcecode.c.h; name = CubeMap.h; path = ../src/CubeMap.h; sourceTree = SOURCE_ROOT; };
		F74B01E412902CD00086C478 /* DefaultObjects.cpp */ = {isa = PBXFileReference; fileEncoding = 4; lastKnownFileType = sourcecode.cpp.cpp; name = DefaultObjects.cpp; path = ../src/DefaultObjects.cpp; sourceTree = SOURCE_ROOT; };
		F74B01E512902CD00086C478 /* DefaultObjects.h */ = {isa = PBXFileReference; fileEncoding = 4; lastKnownFileType = sourcecode.c.h; name = DefaultObjects.h; path = ../src/DefaultObjects.h; sourceTree = SOURCE_ROOT; };
		F74B01F012902CD00086C478 /* FloatHash.cpp */ = {isa = PBXFileReference; fileEncoding = 4; lastKnownFileType = sourcecode.cpp.cpp; name = FloatHash.cpp; path = ../src/FloatHash.cpp; sourceTree = SOURCE_ROOT; };
		F74B01F112902CD00086C478 /* FloatHash.h */ = {isa = PBXFileReference; fileEncoding = 4; lastKnownFileType = sourcecode.c.h; name = FloatHash.h; path = ../src/FloatHash.h; sourceTree = SOURCE_ROOT; };
		F74B01F212902CD00086C478 /* Geometry.cpp */ = {isa = PBXFileReference; fileEncoding = 4; lastKnownFileType = sourcecode.cpp.cpp; name = Geometry.cpp; path = ../src/Geometry.cpp; sourceTree = SOURCE_ROOT; };
		F74B01F312902CD00086C478 /* Geometry.h */ = {isa = PBXFileReference; fileEncoding = 4; lastKnownFileType = sourcecode.c.h; name = Geometry.h; path = ../src/Geometry.h; sourceTree = SOURCE_ROOT; };
		F74B01F412902CD00086C478 /* GLee.cpp */ = {isa = PBXFileReference; fileEncoding = 4; lastKnownFileType = sourcecode.cpp.cpp; name = GLee.cpp; path = ../src/GLee.cpp; sourceTree = SOURCE_ROOT; };
		F74B01F512902CD00086C478 /* GLee.h */ = {isa = PBXFileReference; fileEncoding = 4; lastKnownFileType = sourcecode.c.h; name = GLee.h; path = ../src/GLee.h; sourceTree = SOURCE_ROOT; };
		F74B01F612902CD00086C478 /* Group.cpp */ = {isa = PBXFileReference; fileEncoding = 4; lastKnownFileType = sourcecode.cpp.cpp; name = Group.cpp; path = ../src/Group.cpp; sourceTree = SOURCE_ROOT; };
		F74B01F712902CD00086C478 /* Group.h */ = {isa = PBXFileReference; fileEncoding = 4; lastKnownFileType = sourcecode.c.h; name = Group.h; path = ../src/Group.h; sourceTree = SOURCE_ROOT; };
		F74B01F812902CD00086C478 /* Interpolation.cpp */ = {isa = PBXFileReference; fileEncoding = 4; lastKnownFileType = sourcecode.cpp.cpp; name = Interpolation.cpp; path = ../src/Interpolation.cpp; sourceTree = SOURCE_ROOT; };
		F74B01F912902CD00086C478 /* Interpolation.h */ = {isa = PBXFileReference; fileEncoding = 4; lastKnownFileType = sourcecode.c.h; name = Interpolation.h; path = ../src/Interpolation.h; sourceTree = SOURCE_ROOT; };
		F74B01FA12902CD00086C478 /* Keys.h */ = {isa = PBXFileReference; fileEncoding = 4; lastKnownFileType = sourcecode.c.h; name = Keys.h; path = ../src/Keys.h; sourceTree = SOURCE_ROOT; };
		F74B01FB12902CD00086C478 /* Light.cpp */ = {isa = PBXFileReference; fileEncoding = 4; lastKnownFileType = sourcecode.cpp.cpp; name = Light.cpp; path = ../src/Light.cpp; sourceTree = SOURCE_ROOT; };
		F74B01FC12902CD00086C478 /* Light.h */ = {isa = PBXFileReference; fileEncoding = 4; lastKnownFileType = sourcecode.c.h; name = Light.h; path = ../src/Light.h; sourceTree = SOURCE_ROOT; };
		F74B01FD12902CD00086C478 /* Memory.cpp */ = {isa = PBXFileReference; fileEncoding = 4; lastKnownFileType = sourcecode.cpp.cpp; name = Memory.cpp; path = ../src/Memory.cpp; sourceTree = SOURCE_ROOT; };
		F74B01FE12902CD00086C478 /* Memory.h */ = {isa = PBXFileReference; fileEncoding = 4; lastKnownFileType = sourcecode.c.h; name = Memory.h; path = ../src/Memory.h; sourceTree = SOURCE_ROOT; };
		F74B01FF12902CD00086C478 /* Misc.cpp */ = {isa = PBXFileReference; fileEncoding = 4; lastKnownFileType = sourcecode.cpp.cpp; name = Misc.cpp; path = ../src/Misc.cpp; sourceTree = SOURCE_ROOT; };
		F74B020012902CD00086C478 /* Misc.h */ = {isa = PBXFileReference; fileEncoding = 4; lastKnownFileType = sourcecode.c.h; name = Misc.h; path = ../src/Misc.h; sourceTree = SOURCE_ROOT; };
		F74B020112902CD00086C478 /* Node.cpp */ = {isa = PBXFileReference; fileEncoding = 4; lastKnownFileType = sourcecode.cpp.cpp; name = Node.cpp; path = ../src/Node.cpp; sourceTree = SOURCE_ROOT; };
		F74B020212902CD00086C478 /* Node.h */ = {isa = PBXFileReference; fileEncoding = 4; lastKnownFileType = sourcecode.c.h; name = Node.h; path = ../src/Node.h; sourceTree = SOURCE_ROOT; };
		F74B020312902CD00086C478 /* NodeList.cpp */ = {isa = PBXFileReference; fileEncoding = 4; lastKnownFileType = sourcecode.cpp.cpp; name = NodeList.cpp; path = ../src/NodeList.cpp; sourceTree = SOURCE_ROOT; };
		F74B020412902CD00086C478 /* NodeList.h */ = {isa = PBXFileReference; fileEncoding = 4; lastKnownFileType = sourcecode.c.h; name = NodeList.h; path = ../src/NodeList.h; sourceTree = SOURCE_ROOT; };
		F74B020512902CD00086C478 /* ObjParser.cpp */ = {isa = PBXFileReference; fileEncoding = 4; lastKnownFileType = sourcecode.cpp.cpp; name = ObjParser.cpp; path = ../src/ObjParser.cpp; sourceTree = SOURCE_ROOT; };
		F74B020612902CD00086C478 /* ObjParser.h */ = {isa = PBXFileReference; fileEncoding = 4; lastKnownFileType = sourcecode.c.h; name = ObjParser.h; path = ../src/ObjParser.h; sourceTree = SOURCE_ROOT; };
		F74B020712902CD00086C478 /* ParametricShapes.cpp */ = {isa = PBXFileReference; fileEncoding = 4; lastKnownFileType = sourcecode.cpp.cpp; name = ParametricShapes.cpp; path = ../src/ParametricShapes.cpp; sourceTree = SOURCE_ROOT; };
		F74B020812902CD00086C478 /* ParametricShapes.h */ = {isa = PBXFileReference; fileEncoding = 4; lastKnownFileType = sourcecode.c.h; name = ParametricShapes.h; path = ../src/ParametricShapes.h; sourceTree = SOURCE_ROOT; };
		F74B020912902CD00086C478 /* Plane.cpp */ = {isa = PBXFileReference; fileEncoding = 4; lastKnownFileType = sourcecode.cpp.cpp; name = Plane.cpp; path = ../src/Plane.cpp; sourceTree = SOURCE_ROOT; };
		F74B020A12902CD00086C478 /* Plane.h */ = {isa = PBXFileReference; fileEncoding = 4; lastKnownFileType = sourcecode.c.h; name = Plane.h; path = ../src/Plane.h; sourceTree = SOURCE_ROOT; };
		F74B020B12902CD00086C478 /* Platform.h */ = {isa = PBXFileReference; fileEncoding = 4; lastKnownFileType = sourcecode.c.h; name = Platform.h; path = ../src/Platform.h; sourceTree = SOURCE_ROOT; };
		F74B020F12902CD00086C478 /* Point.h */ = {isa = PBXFileReference; fileEncoding = 4; lastKnownFileType = sourcecode.c.h; name = Point.h; path = ../src/Point.h; sourceTree = SOURCE_ROOT; };
		F74B021012902CD00086C478 /* Pwn.h */ = {isa = PBXFileReference; fileEncoding = 4; lastKnownFileType = sourcecode.c.h; name = Pwn.h; path = ../src/Pwn.h; sourceTree = SOURCE_ROOT; };
		F74B021112902CD00086C478 /* PwnParser.cpp */ = {isa = PBXFileReference; fileEncoding = 4; lastKnownFileType = sourcecode.cpp.cpp; name = PwnParser.cpp; path = ../src/PwnParser.cpp; sourceTree = SOURCE_ROOT; };
		F74B021212902CD00086C478 /* PwnParser.h */ = {isa = PBXFileReference; fileEncoding = 4; lastKnownFileType = sourcecode.c.h; name = PwnParser.h; path = ../src/PwnParser.h; sourceTree = SOURCE_ROOT; };
		F74B021512902CD00086C478 /* Ray.h */ = {isa = PBXFileReference; fileEncoding = 4; lastKnownFileType = sourcecode.c.h; name = Ray.h; path = ../src/Ray.h; sourceTree = SOURCE_ROOT; };
		F74B021612902CD00086C478 /* ReadMe.h */ = {isa = PBXFileReference; fileEncoding = 4; lastKnownFileType = sourcecode.c.h; name = ReadMe.h; path = ../src/ReadMe.h; sourceTree = SOURCE_ROOT; };
		F74B021712902CD00086C478 /* RenderChimp.cpp */ = {isa = PBXFileReference; fileEncoding = 4; lastKnownFileType = sourcecode.cpp.cpp; name = RenderChimp.cpp; path = ../src/RenderChimp.cpp; sourceTree = SOURCE_ROOT; };
		F74B021812902CD00086C478 /* RenderChimp.h */ = {isa = PBXFileReference; fileEncoding = 4; lastKnownFileType = sourcecode.c.h; name = RenderChimp.h; path = ../src/RenderChimp.h; sourceTree = SOURCE_ROOT; };
		F74B021912902CD00086C478 /* Renderer.cpp */ = {isa = PBXFileReference; fileEncoding = 4; lastKnownFileType = sourcecode.cpp.cpp; name = Renderer.cpp; path = ../src/Renderer.cpp; sourceTree = SOURCE_ROOT; };
		F74B021A12902CD00086C478 /* Renderer.h */ = {isa = PBXFileReference; fileEncoding = 4; lastKnownFileType = sourcecode.c.h; name = Renderer.h; path = ../src/Renderer.h; sourceTree = SOURCE_ROOT; };
		F74B021D12902CD00086C478 /* RendererGL.cpp */ = {isa = PBXFileReference; fileEncoding = 4; lastKnownFileType = sourcecode.cpp.cpp; name = RendererGL.cpp; path = ../src/RendererGL.cpp; sourceTree = SOURCE_ROOT; };
		F74B021E12902CD00086C478 /* RendererGL.h */ = {isa = PBXFileReference; fileEncoding = 4; lastKnownFileType = sourcecode.c.h; name = RendererGL.h; path = ../src/RendererGL.h; sourceTree = SOURCE_ROOT; };
		F74B021F12902CD00086C478 /* RenderState.cpp */ = {isa = PBXFileReference; fileEncoding = 4; lastKnownFileType = sourcecode.cpp.cpp; name = RenderState.cpp; path = ../src/RenderState.cpp; sourceTree = SOURCE_ROOT; };
		F74B022012902CD00086C478 /* RenderState.h */ = {isa = PBXFileReference; fileEncoding = 4; lastKnownFileType = sourcecode.c.h; name = RenderState.h; path = ../src/RenderState.h; sourceTree = SOURCE_ROOT; };
		F74B022112902CD00086C478 /* RenderTarget.cpp */ = {isa = PBXFileReference; fileEncoding = 4; lastKnownFileType = sourcecode.cpp.cpp; name = RenderTarget.cpp; path = ../src/RenderTarget.cpp; sourceTree = SOURCE_ROOT; };
		F74B022212902CD00086C478 /* RenderTarget.h */ = {isa = PBXFileReference; fileEncoding = 4; lastKnownFileType = sourcecode.c.h; name = RenderTarget.h; path = ../src/RenderTarget.h; sourceTree = SOURCE_ROOT; };
		F74B022312902CD00086C478 /* Resolve.h */ = {isa = PBXFileReference; fileEncoding = 4; lastKnownFileType = sourcecode.c.h; name = Resolve.h; path = ../src/Resolve.h; sourceTree = SOURCE_ROOT; };
		F74B022412902CD00086C478 /* Resource.cpp */ = {isa = PBXFileReference; fileEncoding = 4; lastKnownFileType = sourcecode.cpp.cpp; name = Resource.cpp; path = ../src/Resource.cpp; sourceTree = SOURCE_ROOT; };
		F74B022512902CD00086C478 /* Resource.h */ = {isa = PBXFileReference; fileEncoding = 4; lastKnownFileType = sourcecode.c.h; name = Resource.h; path = ../src/Resource.h; sourceTree = SOURCE_ROOT; };
		F74B022612902CD00086C478 /* ResourceList.cpp */ = {isa = PBXFileReference; fileEncoding = 4; lastKnownFileType = sourcecode.cpp.cpp; name = ResourceList.cpp; path = ../src/ResourceList.cpp; sourceTree = SOURCE_ROOT; };
		F74B022712902CD00086C478 /* ResourceList.h */ = {isa = PBXFileReference; fileEncoding = 4; lastKnownFileType = sourcecode.c.h; name = ResourceList.h; path = ../src/ResourceList.h; sourceTree = SOURCE_ROOT; };
		F74B022812902CD00086C478 /* Result.cpp */ = {isa = PBXFileReference; fileEncoding = 4; lastKnownFileType = sourcecode.cpp.cpp; name = Result.cpp; path = ../src/Result.cpp; sourceTree = SOURCE_ROOT; };
		F74B022912902CD00086C478 /* Result.h */ = {isa = PBXFileReference; fileEncoding = 4; lastKnownFileType = sourcecode.c.h; name = Result.h; path = ../src/Result.h; sourceTree = SOURCE_ROOT; };
		F74B022A12902CD00086C478 /* SceneGraph.cpp */ = {isa = PBXFileReference; fileEncoding = 4; lastKnownFileType = sourcecode.cpp.cpp; name = SceneGraph.cpp; path = ../src/SceneGraph.cpp; sourceTree = SOURCE_ROOT; };
		F74B022B12902CD00086C478 /* SceneGraph.h */ = {isa = PBXFileReference; fileEncoding = 4; lastKnownFileType = sourcecode.c.h; name = SceneGraph.h; path = ../src/SceneGraph.h; sourceTree = SOURCE_ROOT; };
		F74B022C12902CD00086C478 /* SceneGraphAux.h */ = {isa = PBXFileReference; fileEncoding = 4; lastKnownFileType = sourcecode.c.h; name = SceneGraphAux.h; path = ../src/SceneGraphAux.h; sourceTree = SOURCE_ROOT; };
		F74B022D12902CD00086C478 /* SceneParser.cpp */ = {isa = PBXFileReference; fileEncoding = 4; lastKnownFileType = sourcecode.cpp.cpp; name = SceneParser.cpp; path = ../src/SceneParser.cpp; sourceTree = SOURCE_ROOT; };
		F74B022E12902CD00086C478 /* SceneParser.h */ = {isa = PBXFileReference; fileEncoding = 4; lastKnownFileType = sourcecode.c.h; name = SceneParser.h; path = ../src/SceneParser.h; sourceTree = SOURCE_ROOT; };
		F74B023112902CD00086C478 /* ShaderProgram.cpp */ = {isa = PBXFileReference; fileEncoding = 4; lastKnownFileType = sourcecode.cpp.cpp; name = ShaderProgram.cpp; path = ../src/ShaderProgram.cpp; sourceTree = SOURCE_ROOT; };
		F74B023212902CD00086C478 /* ShaderProgram.h */ = {isa = PBXFileReference; fileEncoding = 4; lastKnownFileType = sourcecode.c.h; name = ShaderProgram.h; path = ../src/ShaderProgram.h; sourceTree = SOURCE_ROOT; };
		F74B023712902CD00086C478 /* Sphere.cpp */ = {isa = PBXFileReference; fileEncoding = 4; lastKnownFileType = sourcecode.cpp.cpp; name = Sphere.cpp; path = ../src/Sphere.cpp; sourceTree = SOURCE_ROOT; };
		F74B023812902CD00086C478 /* Sphere.h */ = {isa = PBXFileReference; fileEncoding = 4; lastKnownFileType = sourcecode.c.h; name = Sphere.h; path = ../src/Sphere.h; sourceTree = SOURCE_ROOT; };
		F74B023912902CD00086C478 /* Text.cpp */ = {isa = PBXFileReference; fileEncoding = 4; lastKnownFileType = sourcecode.cpp.cpp; name = Text.cpp; path = ../src/Text.cpp; sourceTree = SOURCE_ROOT; };
		F74B023A12902CD00086C478 /* Text.h */ = {isa = PBXFileReference; fileEncoding = 4; lastKnownFileType = sourcecode.c.h; name = Text.h; path = ../src/Text.h; sourceTree = SOURCE_ROOT; };
		F74B023B12902CD00086C478 /* Texture.cpp */ = {isa = PBXFileReference; fileEncoding = 4; lastKnownFileType = sourcecode.cpp.cpp; name = Texture.cpp; path = ../src/Texture.cpp; sourceTree = SOURCE_ROOT; };
		F74B023C12902CD00086C478 /* Texture.h */ = {isa = PBXFileReference; fileEncoding = 4; lastKnownFileType = sourcecode.c.h; name = Texture.h; path = ../src/Texture.h; sourceTree = SOURCE_ROOT; };
		F74B023D12902CD00086C478 /* Transformable.cpp */ = {isa = PBXFileReference; fileEncoding = 4; lastKnownFileType = sourcecode.cpp.cpp; name = Transformable.cpp; path = ../src/Transformable.cpp; sourceTree = SOURCE_ROOT; };
		F74B023E12902CD00086C478 /* Transformable.h */ = {isa = PBXFileReference; fileEncoding = 4; lastKnownFileType = sourcecode.c.h; name = Transformable.h; path = ../src/Transformable.h; sourceTree = SOURCE_ROOT; };
		F74B023F12902CD00086C478 /* Types.h */ = {isa = PBXFileReference; fileEncoding = 4; lastKnownFileType = sourcecode.c.h; name = Types.h; path = ../src/Types.h; sourceTree = SOURCE_ROOT; };
		F74B024012902CD00086C478 /* Uniform.cpp */ = {isa = PBXFileReference; fileEncoding = 4; lastKnownFileType = sourcecode.cpp.cpp; name = Uniform.cpp; path = ../src/Uniform.cpp; sourceTree = SOURCE_ROOT; };
		F74B024112902CD00086C478 /* Uniform.h */ = {isa = PBXFileReference; fileEncoding = 4; lastKnownFileType = sourcecode.c.h; name = Uniform.h; path = ../src/Uniform.h; sourceTree = SOURCE_ROOT; };
		F74B024212902CD00086C478 /* VectorMath.cpp */ = {isa = PBXFileReference; fileEncoding = 4; lastKnownFileType = sourcecode.cpp.cpp; name = VectorMath.cpp; path = ../src/VectorMath.cpp; sourceTree = SOURCE_ROOT; };
		F74B024312902CD00086C478 /* VectorMath.h */ = {isa = PBXFileReference; fileEncoding = 4; lastKnownFileType = sourcecode.c.h; name = VectorMath.h; path = ../src/VectorMath.h; sourceTree = SOURCE_ROOT; };
		F74B024412902CD00086C478 /* VertexArray.cpp */ = {isa = PBXFileReference; fileEncoding = 4; lastKnownFileType = sourcecode.cpp.cpp; name = VertexArray.cpp; path = ../src/VertexArray.cpp; sourceTree = SOURCE_ROOT; };
		F74B024512902CD00086C478 /* VertexArray.h */ = {isa = PBXFileReference; fileEncoding = 4; lastKnownFileType = sourcecode.c.h; name = VertexArray.h; path = ../src/VertexArray.h; sourceTree = SOURCE_ROOT; };
		F74B024612902CD00086C478 /* Volume.h */ = {isa = PBXFileReference; fileEncoding = 4; lastKnownFileType = sourcecode.c.h; name = Volume.h; path = ../src/Volume.h; sourceTree = SOURCE_ROOT; };
		F74B024812902CD00086C478 /* World.cpp */ = {isa = PBXFileReference; fileEncoding = 4; lastKnownFileType = sourcecode.cpp.cpp; name = World.cpp; path = ../src/World.cpp; sourceTree = SOURCE_ROOT; };
		F74B024912902CD00086C478 /* World.h */ = {isa = PBXFileReference; fileEncoding = 4; lastKnownFileType = sourcecode.c.h; name = World.h; path = ../src/World.h; sourceTree = SOURCE_ROOT; };
		F74B031312903FCD0086C478 /* PlatformOSX.cpp */ = {isa = PBXFileReference; fileEncoding = 4; lastKnownFileType = sourcecode.cpp.cpp; name = PlatformOSX.cpp; path = ../src/PlatformOSX.cpp; sourceTree = SOURCE_ROOT; };
/* End PBXFileReference section */

/* Begin PBXFrameworksBuildPhase section */
		8D11072E0486CEB800E47090 /* Frameworks */ = {
			isa = PBXFrameworksBuildPhase;
			buildActionMask = 2147483647;
			files = (
				002F39FA09D0881F00EBEB88 /* SDL.framework in Frameworks */,
				002F3C6109D0951E00EBEB88 /* GLUT.framework in Frameworks */,
				8D11072F0486CEB800E47090 /* Cocoa.framework in Frameworks */,
				002F3C0109D093BD00EBEB88 /* OpenGL.framework in Frameworks */,
				6E8DC4AB15F4E626001291EB /* SDL_image.framework in Frameworks */,
			);
			runOnlyForDeploymentPostprocessing = 0;
		};
/* End PBXFrameworksBuildPhase section */

/* Begin PBXGroup section */
		1058C7A0FEA54F0111CA2CBB /* Linked Frameworks */ = {
			isa = PBXGroup;
			children = (
				6E8DC4AA15F4E626001291EB /* SDL_image.framework */,
				002F39F909D0881F00EBEB88 /* SDL.framework */,
				002F3C6009D0951E00EBEB88 /* GLUT.framework */,
				1058C7A1FEA54F0111CA2CBB /* Cocoa.framework */,
				002F3C0009D093BD00EBEB88 /* OpenGL.framework */,
			);
			name = "Linked Frameworks";
			sourceTree = "<group>";
		};
		1058C7A2FEA54F0111CA2CBB /* Other Frameworks */ = {
			isa = PBXGroup;
			children = (
				29B97324FDCFA39411CA2CEA /* AppKit.framework */,
				29B97325FDCFA39411CA2CEA /* Foundation.framework */,
			);
			name = "Other Frameworks";
			sourceTree = "<group>";
		};
		19C28FACFE9D520D11CA2CBB /* Products */ = {
			isa = PBXGroup;
			children = (
				68DF6A37140FAF850060144C /* RenderChimpOSX.app */,
			);
			name = Products;
			sourceTree = "<group>";
		};
		29B97314FDCFA39411CA2CEA /* RenderChimpOSX */ = {
			isa = PBXGroup;
			children = (
				68DF6A45140FB0190060144C /* EDA221 */,
				F74B01CD12902CB60086C478 /* src */,
				29B97317FDCFA39411CA2CEA /* Resources */,
				29B97323FDCFA39411CA2CEA /* Frameworks */,
				19C28FACFE9D520D11CA2CBB /* Products */,
			);
			name = RenderChimpOSX;
			sourceTree = "<group>";
		};
		29B97317FDCFA39411CA2CEA /* Resources */ = {
			isa = PBXGroup;
			children = (
				8D1107310486CEB800E47090 /* Info.plist */,
				089C165CFE840E0CC02AAC07 /* InfoPlist.strings */,
			);
			name = Resources;
			sourceTree = "<group>";
		};
		29B97323FDCFA39411CA2CEA /* Frameworks */ = {
			isa = PBXGroup;
			children = (
				1058C7A0FEA54F0111CA2CBB /* Linked Frameworks */,
				1058C7A2FEA54F0111CA2CBB /* Other Frameworks */,
			);
			name = Frameworks;
			sourceTree = "<group>";
		};
		68DF6A45140FB0190060144C /* EDA221 */ = {
			isa = PBXGroup;
			children = (
				68DF6A3E140FAFF30060144C /* program.h */,
				68DF6A46140FB02B0060144C /* Assignment 0 */,
				68DF6A62140FB0490060144C /* Assignment 1 */,
				68DF6A63140FB0560060144C /* Assignment 2-3 */,
				68DF6A64140FB0600060144C /* Assignment 5 */,
			);
			name = EDA221;
			sourceTree = "<group>";
		};
		68DF6A46140FB02B0060144C /* Assignment 0 */ = {
			isa = PBXGroup;
			children = (
				68DF6A3C140FAFF30060144C /* hello_ogre.cpp */,
			);
			name = "Assignment 0";
			sourceTree = "<group>";
		};
		68DF6A62140FB0490060144C /* Assignment 1 */ = {
			isa = PBXGroup;
			children = (
				68DF6A3F140FAFF30060144C /* solar_system.cpp */,
			);
			name = "Assignment 1";
			sourceTree = "<group>";
		};
		68DF6A63140FB0560060144C /* Assignment 2-3 */ = {
			isa = PBXGroup;
			children = (
				68DF6A3D140FAFF30060144C /* parametric.cpp */,
				F74B01F912902CD00086C478 /* Interpolation.h */,
				F74B01F812902CD00086C478 /* Interpolation.cpp */,
				F74B020812902CD00086C478 /* ParametricShapes.h */,
				F74B020712902CD00086C478 /* ParametricShapes.cpp */,
			);
			name = "Assignment 2-3";
			sourceTree = "<group>";
		};
		68DF6A64140FB0600060144C /* Assignment 5 */ = {
			isa = PBXGroup;
			children = (
			);
			name = "Assignment 5";
			sourceTree = "<group>";
		};
		F74B01CD12902CB60086C478 /* src */ = {
			isa = PBXGroup;
			children = (
				F74B029912902EC90086C478 /* Wrappers */,
				F74B029612902E600086C478 /* Renderer */,
				F74B029012902D610086C478 /* System */,
				F74B028F12902D450086C478 /* Utils */,
				F74B028E12902D3A0086C478 /* Examples */,
				F74B028D12902D220086C478 /* Geometry */,
				F74B028C12902D1B0086C478 /* SceneGraph */,
				F74B021712902CD00086C478 /* RenderChimp.cpp */,
				F74B021812902CD00086C478 /* RenderChimp.h */,
			);
			name = src;
			sourceTree = "<group>";
		};
		F74B028C12902D1B0086C478 /* SceneGraph */ = {
			isa = PBXGroup;
			children = (
				F74B022A12902CD00086C478 /* SceneGraph.cpp */,
				F74B022B12902CD00086C478 /* SceneGraph.h */,
				F74B022C12902CD00086C478 /* SceneGraphAux.h */,
				F74B020312902CD00086C478 /* NodeList.cpp */,
				F74B020412902CD00086C478 /* NodeList.h */,
				F74B029512902E1A0086C478 /* Aux */,
				F74B029312902DCA0086C478 /* SceneParsers */,
				F74B029212902D9D0086C478 /* Resources */,
				F74B029112902D880086C478 /* Nodes */,
			);
			name = SceneGraph;
			sourceTree = "<group>";
		};
		F74B028D12902D220086C478 /* Geometry */ = {
			isa = PBXGroup;
			children = (
				F74B024612902CD00086C478 /* Volume.h */,
				F74B023712902CD00086C478 /* Sphere.cpp */,
				F74B023812902CD00086C478 /* Sphere.h */,
				F74B021512902CD00086C478 /* Ray.h */,
				F74B020912902CD00086C478 /* Plane.cpp */,
				F74B020A12902CD00086C478 /* Plane.h */,
				F74B020F12902CD00086C478 /* Point.h */,
				F74B01CE12902CD00086C478 /* AABox.cpp */,
				F74B01CF12902CD00086C478 /* AABox.h */,
			);
			name = Geometry;
			sourceTree = "<group>";
		};
		F74B028E12902D3A0086C478 /* Examples */ = {
			isa = PBXGroup;
			children = (
			);
			name = Examples;
			sourceTree = "<group>";
		};
		F74B028F12902D450086C478 /* Utils */ = {
			isa = PBXGroup;
			children = (
				F74B01D612902CD00086C478 /* BmpWriter.cpp */,
				F74B01D712902CD00086C478 /* BmpWriter.h */,
			);
			name = Utils;
			sourceTree = "<group>";
		};
		F74B029012902D610086C478 /* System */ = {
			isa = PBXGroup;
			children = (
				F74B029412902DE90086C478 /* External */,
				F74B029A12902F080086C478 /* Math */,
				F74B031312903FCD0086C478 /* PlatformOSX.cpp */,
				F74B023F12902CD00086C478 /* Types.h */,
				F74B023912902CD00086C478 /* Text.cpp */,
				F74B023A12902CD00086C478 /* Text.h */,
				F74B022312902CD00086C478 /* Resolve.h */,
				F74B021612902CD00086C478 /* ReadMe.h */,
				F74B022812902CD00086C478 /* Result.cpp */,
				F74B022912902CD00086C478 /* Result.h */,
				F74B020B12902CD00086C478 /* Platform.h */,
				F74B01FD12902CD00086C478 /* Memory.cpp */,
				F74B01FE12902CD00086C478 /* Memory.h */,
				F74B01FF12902CD00086C478 /* Misc.cpp */,
				F74B020012902CD00086C478 /* Misc.h */,
				F74B01FA12902CD00086C478 /* Keys.h */,
				F74B01E412902CD00086C478 /* DefaultObjects.cpp */,
				F74B01E512902CD00086C478 /* DefaultObjects.h */,
				F74B01DA12902CD00086C478 /* Command.cpp */,
				F74B01DB12902CD00086C478 /* Command.h */,
				F74B01DC12902CD00086C478 /* Console.cpp */,
				F74B01DD12902CD00086C478 /* Console.h */,
			);
			name = System;
			sourceTree = "<group>";
		};
		F74B029112902D880086C478 /* Nodes */ = {
			isa = PBXGroup;
			children = (
				F74B023D12902CD00086C478 /* Transformable.cpp */,
				F74B023E12902CD00086C478 /* Transformable.h */,
				F74B024812902CD00086C478 /* World.cpp */,
				F74B024912902CD00086C478 /* World.h */,
				F74B01F612902CD00086C478 /* Group.cpp */,
				F74B01F712902CD00086C478 /* Group.h */,
				F74B01FB12902CD00086C478 /* Light.cpp */,
				F74B01FC12902CD00086C478 /* Light.h */,
				F74B020112902CD00086C478 /* Node.cpp */,
				F74B020212902CD00086C478 /* Node.h */,
				F74B01F212902CD00086C478 /* Geometry.cpp */,
				F74B01F312902CD00086C478 /* Geometry.h */,
				F74B01D812902CD00086C478 /* Camera.cpp */,
				F74B01D912902CD00086C478 /* Camera.h */,
			);
			name = Nodes;
			sourceTree = "<group>";
		};
		F74B029212902D9D0086C478 /* Resources */ = {
			isa = PBXGroup;
			children = (
				F74B024412902CD00086C478 /* VertexArray.cpp */,
				F74B024512902CD00086C478 /* VertexArray.h */,
				F74B023B12902CD00086C478 /* Texture.cpp */,
				F74B023C12902CD00086C478 /* Texture.h */,
				F74B023112902CD00086C478 /* ShaderProgram.cpp */,
				F74B023212902CD00086C478 /* ShaderProgram.h */,
				F74B022112902CD00086C478 /* RenderTarget.cpp */,
				F74B022212902CD00086C478 /* RenderTarget.h */,
				F74B022412902CD00086C478 /* Resource.cpp */,
				F74B022512902CD00086C478 /* Resource.h */,
				F74B022612902CD00086C478 /* ResourceList.cpp */,
				F74B022712902CD00086C478 /* ResourceList.h */,
				F74B021F12902CD00086C478 /* RenderState.cpp */,
				F74B022012902CD00086C478 /* RenderState.h */,
				F74B01DE12902CD00086C478 /* CubeMap.cpp */,
				F74B01DF12902CD00086C478 /* CubeMap.h */,
			);
			name = Resources;
			sourceTree = "<group>";
		};
		F74B029312902DCA0086C478 /* SceneParsers */ = {
			isa = PBXGroup;
			children = (
				F74B022D12902CD00086C478 /* SceneParser.cpp */,
				F74B022E12902CD00086C478 /* SceneParser.h */,
				F74B021012902CD00086C478 /* Pwn.h */,
				F74B021112902CD00086C478 /* PwnParser.cpp */,
				F74B021212902CD00086C478 /* PwnParser.h */,
				F74B020512902CD00086C478 /* ObjParser.cpp */,
				F74B020612902CD00086C478 /* ObjParser.h */,
				F74B01F012902CD00086C478 /* FloatHash.cpp */,
				F74B01F112902CD00086C478 /* FloatHash.h */,
			);
			name = SceneParsers;
			sourceTree = "<group>";
		};
		F74B029412902DE90086C478 /* External */ = {
			isa = PBXGroup;
			children = (
				32CA4F630368D1EE00C91783 /* RenderChimpOSX_Prefix.pch */,
				002F3A3E09D088BA00EBEB88 /* main.cpp */,
				F74B01F412902CD00086C478 /* GLee.cpp */,
				F74B01F512902CD00086C478 /* GLee.h */,
				002F3A2B09D0888800EBEB88 /* SDLMain.h */,
				002F3A2C09D0888800EBEB88 /* SDLMain.m */,
			);
			name = External;
			sourceTree = "<group>";
		};
		F74B029512902E1A0086C478 /* Aux */ = {
			isa = PBXGroup;
			children = (
				F74B024012902CD00086C478 /* Uniform.cpp */,
				F74B024112902CD00086C478 /* Uniform.h */,
				F74B01D212902CD00086C478 /* AuxData.cpp */,
				F74B01D312902CD00086C478 /* AuxData.h */,
			);
			name = Aux;
			sourceTree = "<group>";
		};
		F74B029612902E600086C478 /* Renderer */ = {
			isa = PBXGroup;
			children = (
				F74B021912902CD00086C478 /* Renderer.cpp */,
				F74B021A12902CD00086C478 /* Renderer.h */,
				F74B029712902E680086C478 /* OpenGL */,
			);
			name = Renderer;
			sourceTree = "<group>";
		};
		F74B029712902E680086C478 /* OpenGL */ = {
			isa = PBXGroup;
			children = (
				F74B021D12902CD00086C478 /* RendererGL.cpp */,
				F74B021E12902CD00086C478 /* RendererGL.h */,
			);
			name = OpenGL;
			sourceTree = "<group>";
		};
		F74B029912902EC90086C478 /* Wrappers */ = {
			isa = PBXGroup;
			children = (
			);
			name = Wrappers;
			sourceTree = "<group>";
		};
		F74B029A12902F080086C478 /* Math */ = {
			isa = PBXGroup;
			children = (
				F74B024212902CD00086C478 /* VectorMath.cpp */,
				F74B024312902CD00086C478 /* VectorMath.h */,
			);
			name = Math;
			sourceTree = "<group>";
		};
/* End PBXGroup section */

/* Begin PBXNativeTarget section */
		8D1107260486CEB800E47090 /* RenderChimpOSX */ = {
			isa = PBXNativeTarget;
			buildConfigurationList = C01FCF4A08A954540054247B /* Build configuration list for PBXNativeTarget "RenderChimpOSX" */;
			buildPhases = (
				8D1107290486CEB800E47090 /* Resources */,
				8D11072C0486CEB800E47090 /* Sources */,
				8D11072E0486CEB800E47090 /* Frameworks */,
				002F39FD09D0883400EBEB88 /* Copy Frameworks into .app bundle */,
			);
			buildRules = (
			);
			dependencies = (
			);
			name = RenderChimpOSX;
			productInstallPath = "$(HOME)/Applications";
			productName = RenderChimpOSX;
			productReference = 68DF6A37140FAF850060144C /* RenderChimpOSX.app */;
			productType = "com.apple.product-type.application";
		};
/* End PBXNativeTarget section */

/* Begin PBXProject section */
		29B97313FDCFA39411CA2CEA /* Project object */ = {
			isa = PBXProject;
			attributes = {
				LastUpgradeCheck = 0440;
			};
			buildConfigurationList = C01FCF4E08A954540054247B /* Build configuration list for PBXProject "RenderChimpOSX" */;
			compatibilityVersion = "Xcode 3.2";
			developmentRegion = English;
			hasScannedForEncodings = 1;
			knownRegions = (
				English,
				Japanese,
				French,
				German,
			);
			mainGroup = 29B97314FDCFA39411CA2CEA /* RenderChimpOSX */;
			projectDirPath = "";
			projectRoot = "";
			targets = (
				8D1107260486CEB800E47090 /* RenderChimpOSX */,
			);
		};
/* End PBXProject section */

/* Begin PBXResourcesBuildPhase section */
		8D1107290486CEB800E47090 /* Resources */ = {
			isa = PBXResourcesBuildPhase;
			buildActionMask = 2147483647;
			files = (
				8D11072B0486CEB800E47090 /* InfoPlist.strings in Resources */,
			);
			runOnlyForDeploymentPostprocessing = 0;
		};
/* End PBXResourcesBuildPhase section */

/* Begin PBXSourcesBuildPhase section */
		8D11072C0486CEB800E47090 /* Sources */ = {
			isa = PBXSourcesBuildPhase;
			buildActionMask = 2147483647;
			files = (
				002F3A2E09D0888800EBEB88 /* SDLMain.m in Sources */,
				002F3A3F09D088BA00EBEB88 /* main.cpp in Sources */,
				F74B024A12902CD00086C478 /* AABox.cpp in Sources */,
				F74B024C12902CD00086C478 /* AuxData.cpp in Sources */,
				F74B024F12902CD00086C478 /* BmpWriter.cpp in Sources */,
				F74B025012902CD00086C478 /* Camera.cpp in Sources */,
				F74B025112902CD00086C478 /* Command.cpp in Sources */,
				F74B025212902CD00086C478 /* Console.cpp in Sources */,
				F74B025312902CD00086C478 /* CubeMap.cpp in Sources */,
				F74B025612902CD00086C478 /* DefaultObjects.cpp in Sources */,
				F74B026012902CD00086C478 /* FloatHash.cpp in Sources */,
				F74B026112902CD00086C478 /* Geometry.cpp in Sources */,
				F74B026212902CD00086C478 /* GLee.cpp in Sources */,
				F74B026312902CD00086C478 /* Group.cpp in Sources */,
				F74B026412902CD00086C478 /* Interpolation.cpp in Sources */,
				F74B026512902CD00086C478 /* Light.cpp in Sources */,
				F74B026612902CD00086C478 /* Memory.cpp in Sources */,
				F74B026712902CD00086C478 /* Misc.cpp in Sources */,
				F74B026812902CD00086C478 /* Node.cpp in Sources */,
				F74B026912902CD00086C478 /* NodeList.cpp in Sources */,
				F74B026A12902CD00086C478 /* ObjParser.cpp in Sources */,
				F74B026B12902CD00086C478 /* ParametricShapes.cpp in Sources */,
				F74B026C12902CD00086C478 /* Plane.cpp in Sources */,
				F74B027012902CD00086C478 /* PwnParser.cpp in Sources */,
				F74B027212902CD00086C478 /* RenderChimp.cpp in Sources */,
				F74B027312902CD00086C478 /* Renderer.cpp in Sources */,
				F74B027512902CD00086C478 /* RendererGL.cpp in Sources */,
				F74B027612902CD00086C478 /* RenderState.cpp in Sources */,
				F74B027712902CD00086C478 /* RenderTarget.cpp in Sources */,
				F74B027812902CD00086C478 /* Resource.cpp in Sources */,
				F74B027912902CD00086C478 /* ResourceList.cpp in Sources */,
				F74B027A12902CD00086C478 /* Result.cpp in Sources */,
				F74B027B12902CD00086C478 /* SceneGraph.cpp in Sources */,
				F74B027C12902CD00086C478 /* SceneParser.cpp in Sources */,
				F74B027E12902CD00086C478 /* ShaderProgram.cpp in Sources */,
				F74B028312902CD00086C478 /* Sphere.cpp in Sources */,
				F74B028412902CD00086C478 /* Text.cpp in Sources */,
				F74B028512902CD00086C478 /* Texture.cpp in Sources */,
				F74B028612902CD00086C478 /* Transformable.cpp in Sources */,
				F74B028712902CD00086C478 /* Uniform.cpp in Sources */,
				F74B028812902CD00086C478 /* VectorMath.cpp in Sources */,
				F74B028912902CD00086C478 /* VertexArray.cpp in Sources */,
				F74B028B12902CD00086C478 /* World.cpp in Sources */,
				F74B031412903FCD0086C478 /* PlatformOSX.cpp in Sources */,
				68DF6A40140FAFF30060144C /* hello_ogre.cpp in Sources */,
				68DF6A41140FAFF30060144C /* parametric.cpp in Sources */,
				68DF6A42140FAFF30060144C /* solar_system.cpp in Sources */,
			);
			runOnlyForDeploymentPostprocessing = 0;
		};
/* End PBXSourcesBuildPhase section */

/* Begin PBXVariantGroup section */
		089C165CFE840E0CC02AAC07 /* InfoPlist.strings */ = {
			isa = PBXVariantGroup;
			children = (
				089C165DFE840E0CC02AAC07 /* English */,
			);
			name = InfoPlist.strings;
			sourceTree = "<group>";
		};
/* End PBXVariantGroup section */

/* Begin XCBuildConfiguration section */
		C01FCF4B08A954540054247B /* Debug, OpenGL 2.0 */ = {
			isa = XCBuildConfiguration;
			buildSettings = {
				ARCHS = "$(ARCHS_STANDARD_32_BIT)";
				COMBINE_HIDPI_IMAGES = YES;
				COPY_PHASE_STRIP = NO;
				FRAMEWORK_SEARCH_PATHS = /Library/Frameworks;
				GCC_DYNAMIC_NO_PIC = NO;
				GCC_MODEL_TUNING = G5;
				GCC_OPTIMIZATION_LEVEL = 0;
				GCC_PRECOMPILE_PREFIX_HEADER = NO;
				GCC_PREFIX_HEADER = RenderChimpOSX_Prefix.pch;
				GCC_PREPROCESSOR_DEFINITIONS = (
					RC_OPENGL_20,
					RC_MACOSX,
				);
				GCC_UNROLL_LOOPS = NO;
				GCC_VERSION = "";
				HEADER_SEARCH_PATHS = (
					/Library/Frameworks/SDL.framework/Headers/,
					/Library/Frameworks/SDL_image.framework/Headers/,
				);
				INFOPLIST_FILE = Info.plist;
				INSTALL_PATH = "$(HOME)/Applications";
				OTHER_CPLUSPLUSFLAGS = (
					"-Wno-write-strings",
					"$(OTHER_CFLAGS)",
				);
				PRODUCT_NAME = RenderChimpOSX;
				SDKROOT = "";
				VALID_ARCHS = i386;
				WRAPPER_EXTENSION = app;
			};
			name = "Debug, OpenGL 2.0";
		};
		C01FCF4C08A954540054247B /* Release, OpenGL 2.0 */ = {
			isa = XCBuildConfiguration;
			buildSettings = {
				ARCHS = "$(ARCHS_STANDARD_32_BIT)";
				COMBINE_HIDPI_IMAGES = YES;
				CONFIGURATION_BUILD_DIR = "$(BUILD_DIR)/";
				FRAMEWORK_SEARCH_PATHS = /Library/Frameworks;
				GCC_GENERATE_DEBUGGING_SYMBOLS = NO;
				GCC_MODEL_TUNING = G5;
				GCC_PRECOMPILE_PREFIX_HEADER = NO;
				GCC_PREFIX_HEADER = RenderChimpOSX_Prefix.pch;
				GCC_PREPROCESSOR_DEFINITIONS = (
					RC_OPENGL_20,
					RC_MACOSX,
				);
				GCC_VERSION = 4.2;
				HEADER_SEARCH_PATHS = (
					/Library/Frameworks/SDL.framework/Headers/,
					/Library/Frameworks/SDL_image.framework/Headers/,
				);
				INFOPLIST_FILE = Info.plist;
				INSTALL_PATH = "$(HOME)/Applications";
				OTHER_CPLUSPLUSFLAGS = (
					"-Wno-write-strings",
					"$(OTHER_CFLAGS)",
				);
				PRODUCT_NAME = RenderChimpOSX;
				SDKROOT = "";
				VALID_ARCHS = i386;
				WRAPPER_EXTENSION = app;
			};
			name = "Release, OpenGL 2.0";
		};
		C01FCF4F08A954540054247B /* Debug, OpenGL 2.0 */ = {
			isa = XCBuildConfiguration;
			buildSettings = {
				ARCHS = "$(ARCHS_STANDARD_32_BIT)";
				CONFIGURATION_BUILD_DIR = "$(BUILD_DIR)/";
				FRAMEWORK_SEARCH_PATHS = "";
				GCC_VERSION = 4.2;
				GCC_WARN_ABOUT_MISSING_FIELD_INITIALIZERS = NO;
				GCC_WARN_ABOUT_MISSING_NEWLINE = YES;
				GCC_WARN_ABOUT_RETURN_TYPE = YES;
				GCC_WARN_CHECK_SWITCH_STATEMENTS = YES;
				GCC_WARN_HIDDEN_VIRTUAL_FUNCTIONS = NO;
				GCC_WARN_MISSING_PARENTHESES = YES;
				GCC_WARN_SIGN_COMPARE = YES;
				GCC_WARN_UNUSED_PARAMETER = NO;
				GCC_WARN_UNUSED_VALUE = YES;
				GCC_WARN_UNUSED_VARIABLE = YES;
				HEADER_SEARCH_PATHS = "";
				SDKROOT = "$(DEVELOPER_SDK_DIR)/MacOSX10.6.sdk";
				VALID_ARCHS = i386;
			};
			name = "Debug, OpenGL 2.0";
		};
		C01FCF5008A954540054247B /* Release, OpenGL 2.0 */ = {
			isa = XCBuildConfiguration;
			buildSettings = {
				ARCHS = "$(ARCHS_STANDARD_32_BIT)";
				FRAMEWORK_SEARCH_PATHS = "";
				GCC_VERSION = 4.0;
				GCC_WARN_ABOUT_RETURN_TYPE = YES;
				GCC_WARN_UNUSED_VARIABLE = YES;
				HEADER_SEARCH_PATHS = "";
				SDKROOT = "$(DEVELOPER_SDK_DIR)/MacOSX10.4u.sdk";
			};
			name = "Release, OpenGL 2.0";
		};
/* End XCBuildConfiguration section */

/* Begin XCConfigurationList section */
		C01FCF4A08A954540054247B /* Build configuration list for PBXNativeTarget "RenderChimpOSX" */ = {
			isa = XCConfigurationList;
			buildConfigurations = (
				C01FCF4B08A954540054247B /* Debug, OpenGL 2.0 */,
				C01FCF4C08A954540054247B /* Release, OpenGL 2.0 */,
			);
			defaultConfigurationIsVisible = 0;
			defaultConfigurationName = "Release, OpenGL 2.0";
		};
		C01FCF4E08A954540054247B /* Build configuration list for PBXProject "RenderChimpOSX" */ = {
			isa = XCConfigurationList;
			buildConfigurations = (
				C01FCF4F08A954540054247B /* Debug, OpenGL 2.0 */,
				C01FCF5008A954540054247B /* Release, OpenGL 2.0 */,
			);
			defaultConfigurationIsVisible = 0;
			defaultConfigurationName = "Release, OpenGL 2.0";
		};
/* End XCConfigurationList section */
	};
	rootObject = 29B97313FDCFA39411CA2CEA /* Project object */;
}
